
Microsoft Visual Studio Solution File, Format Version 12.00
# Visual Studio Version 16
VisualStudioVersion = 16.0.31402.337
MinimumVisualStudioVersion = 10.0.40219.1
Project("{9A19103F-16F7-4668-BE54-9A1E7A4F7556}") = "Trabajo01", "Trabajo01.csproj", "{20B6EFE6-D127-43B9-B96D-0E2EC96BFBFD}"
EndProject
Global
	GlobalSection(SolutionConfigurationPlatforms) = preSolution
		Debug|Any CPU = Debug|Any CPU
		Release|Any CPU = Release|Any CPU
	EndGlobalSection
	GlobalSection(ProjectConfigurationPlatforms) = postSolution
		{20B6EFE6-D127-43B9-B96D-0E2EC96BFBFD}.Debug|Any CPU.ActiveCfg = Debug|Any CPU
		{20B6EFE6-D127-43B9-B96D-0E2EC96BFBFD}.Debug|Any CPU.Build.0 = Debug|Any CPU
		{20B6EFE6-D127-43B9-B96D-0E2EC96BFBFD}.Release|Any CPU.ActiveCfg = Release|Any CPU
		{20B6EFE6-D127-43B9-B96D-0E2EC96BFBFD}.Release|Any CPU.Build.0 = Release|Any CPU
	EndGlobalSection
	GlobalSection(SolutionProperties) = preSolution
		HideSolutionNode = FALSE
	EndGlobalSection
	GlobalSection(ExtensibilityGlobals) = postSolution
		SolutionGuid = {8B6237DE-633C-4601-85F9-7D25F9D6852F}
	EndGlobalSection
EndGlobal
